
Microsoft Visual Studio Solution File, Format Version 12.00
# Visual Studio Version 17
VisualStudioVersion = 17.5.33424.131
MinimumVisualStudioVersion = 10.0.40219.1
Project("{8BC9CEB8-8B4A-11D0-8D11-00A0C91BC942}") = "D3D12Ez", "src\D3D12Ez.vcxproj", "{EA2205DB-7879-4AAA-9A79-523B82FD238E}"
EndProject
Global
	GlobalSection(SolutionConfigurationPlatforms) = preSolution
		Debug|x64 = Debug|x64
		Release|x64 = Release|x64
	EndGlobalSection
	GlobalSection(ProjectConfigurationPlatforms) = postSolution
		{EA2205DB-7879-4AAA-9A79-523B82FD238E}.Debug|x64.ActiveCfg = Debug|x64
		{EA2205DB-7879-4AAA-9A79-523B82FD238E}.Debug|x64.Build.0 = Debug|x64
		{EA2205DB-7879-4AAA-9A79-523B82FD238E}.Release|x64.ActiveCfg = Release|x64
		{EA2205DB-7879-4AAA-9A79-523B82FD238E}.Release|x64.Build.0 = Release|x64
	EndGlobalSection
	GlobalSection(SolutionProperties) = preSolution
		HideSolutionNode = FALSE
	EndGlobalSection
	GlobalSection(ExtensibilityGlobals) = postSolution
		SolutionGuid = {6C57CE00-9642-4102-AF66-38D391594E06}
	EndGlobalSection
EndGlobal
